[[package]]
category = "main"
description = "Async http client/server framework (asyncio)"
name = "aiohttp"
optional = false
python-versions = ">=3.5.3"
version = "3.6.2"

[package.dependencies]
async-timeout = ">=3.0,<4.0"
attrs = ">=17.3.0"
chardet = ">=2.0,<4.0"
multidict = ">=4.5,<5.0"
yarl = ">=1.0,<2.0"

[package.dependencies.idna-ssl]
python = "<3.7"
version = ">=1.0"

[package.dependencies.typing-extensions]
python = "<3.7"
version = ">=3.6.5"

[[package]]
category = "main"
description = "Timeout context manager for asyncio programs"
name = "async-timeout"
optional = false
python-versions = ">=3.5.3"
version = "3.0.1"

[[package]]
category = "main"
description = "Classes Without Boilerplate"
name = "attrs"
optional = false
python-versions = ">=2.7, !=3.0.*, !=3.1.*, !=3.2.*, !=3.3.*"
version = "19.3.0"

[[package]]
category = "main"
description = "Universal encoding detector for Python 2 and 3"
name = "chardet"
optional = false
python-versions = "*"
version = "3.0.4"

[[package]]
category = "main"
description = "Internationalized Domain Names in Applications (IDNA)"
name = "idna"
optional = false
python-versions = ">=2.7, !=3.0.*, !=3.1.*, !=3.2.*, !=3.3.*"
version = "2.8"

[[package]]
category = "main"
description = "Patch ssl.match_hostname for Unicode(idna) domains support"
marker = "python_version < \"3.7\""
name = "idna-ssl"
optional = false
python-versions = "*"
version = "1.1.0"

[package.dependencies]
idna = ">=2.0"

[[package]]
category = "main"
description = "A lightweight library for converting complex datatypes to and from native Python datatypes."
name = "marshmallow"
optional = false
python-versions = ">=3.5"
version = "3.3.0"

[[package]]
category = "main"
description = "multidict implementation"
name = "multidict"
optional = false
python-versions = ">=3.5"
version = "4.7.2"

[[package]]
category = "main"
description = "World timezone definitions, modern and historical"
name = "pytz"
optional = false
python-versions = "*"
version = "2019.3"

[[package]]
category = "main"
description = "Backported and Experimental Type Hints for Python 3.5+"
marker = "python_version < \"3.7\""
name = "typing-extensions"
optional = false
python-versions = "*"
version = "3.7.4.1"

[[package]]
category = "main"
description = "Ultra fast JSON encoder and decoder for Python"
name = "ujson"
optional = false
python-versions = "*"
version = "1.35"

[[package]]
category = "main"
description = "Yet another URL library"
name = "yarl"
optional = false
python-versions = ">=3.5"
version = "1.4.2"

[package.dependencies]
idna = ">=2.0"
multidict = ">=4.0"

[metadata]
content-hash = "8c18b1c5894d7f2e77364a6a4bd87caa113a6751528eabaeadad124d5c57747f"
python-versions = "^3.6"

[metadata.hashes]
aiohttp = ["1e984191d1ec186881ffaed4581092ba04f7c61582a177b187d3a2f07ed9719e", "259ab809ff0727d0e834ac5e8a283dc5e3e0ecc30c4d80b3cd17a4139ce1f326", "2f4d1a4fdce595c947162333353d4a44952a724fba9ca3205a3df99a33d1307a", "32e5f3b7e511aa850829fbe5aa32eb455e5534eaa4b1ce93231d00e2f76e5654", "344c780466b73095a72c616fac5ea9c4665add7fc129f285fbdbca3cccf4612a", "460bd4237d2dbecc3b5ed57e122992f60188afe46e7319116da5eb8a9dfedba4", "4c6efd824d44ae697814a2a85604d8e992b875462c6655da161ff18fd4f29f17", "50aaad128e6ac62e7bf7bd1f0c0a24bc968a0c0590a726d5a955af193544bcec", "6206a135d072f88da3e71cc501c59d5abffa9d0bb43269a6dcd28d66bfafdbdd", "65f31b622af739a802ca6fd1a3076fd0ae523f8485c52924a89561ba10c49b48", "ae55bac364c405caa23a4f2d6cfecc6a0daada500274ffca4a9230e7129eac59", "b778ce0c909a2653741cb4b1ac7015b5c130ab9c897611df43ae6a58523cb965"]
async-timeout = ["0c3c816a028d47f659d6ff5c745cb2acf1f966da1fe5c19c77a70282b25f4c5f", "4291ca197d287d274d0b6cb5d6f8f8f82d434ed288f962539ff18cc9012f9ea3"]
attrs = ["08a96c641c3a74e44eb59afb61a24f2cb9f4d7188748e76ba4bb5edfa3cb7d1c", "f7b7ce16570fe9965acd6d30101a28f62fb4a7f9e926b3bbc9b61f8b04247e72"]
chardet = ["84ab92ed1c4d4f16916e05906b6b75a6c0fb5db821cc65e70cbd64a3e2a5eaae", "fc323ffcaeaed0e0a02bf4d117757b98aed530d9ed4531e3e15460124c106691"]
idna = ["c357b3f628cf53ae2c4c05627ecc484553142ca23264e593d327bcde5e9c3407", "ea8b7f6188e6fa117537c3df7da9fc686d485087abf6ac197f9c46432f7e4a3c"]
idna-ssl = ["a933e3bb13da54383f9e8f35dc4f9cb9eb9b3b78c6b36f311254d6d0d92c6c7c"]
marshmallow = ["0ba81b6da4ae69eb229b74b3c741ff13fe04fb899824377b1aff5aaa1a9fd46e", "3e53dd9e9358977a3929e45cdbe4a671f9eff53a7d6a23f33ed3eab8c1890d8f"]
multidict = ["20081b14c923d2c5122c13e060d0ee334e078e1802c36006b20c8d7a59ee6a52", "335344a3c3b19845c73a7826f359c51c4a12a1ccd2392b5f572a63b452bfc771", "49e80c53659c7ac50ec1c4b5fa50f045b67fffeb5b735dccb6205e4ff122e8b6", "615a282acd530a1bc1b01f069a8c5874cb7c2780c287a2895ad5ab7407540e9d", "63d9a3d93a514549760cb68c82864966bddb6ab53a3326931c8db9ad29414603", "77264002c184538df5dcb4fc1de5df6803587fa30bbe12203a7a3436b8aafc0f", "7dd6f6a51b64d0a6473bc30c53e1d73fcb461c437f43662b7d6d701bd90db253", "7f4e591ec80619e74c50b7800f9db9b0e01d2099094767050dfe2e78e1c41839", "824716bba5a4efd74ddd36a3830efb9e49860149514ef7c41aac0144757ebb5d", "8f30ead697c2e37147d82ba8019952b5ea99bd3d1052f1f1ebff951eaa953209", "a03efe8b7591c77d9ad4b9d81dcfb9c96e538ae25eb114385f35f4d7ffa3bac2", "b86e8e33a0a24240b293e7fad233a7e886bae6e51ca6923d39f4e313dd1d5578", "c1c64c93b8754a5cebd495d136f47a5ca93cbfceba532e306a768c27a0c1292b", "d4dafdcfbf0ac80fc5f00603f0ce43e487c654ae34a656e4749f175d9832b1b5", "daf6d89e47418e38af98e1f2beb3fe0c8aa34806f681d04df314c0f131dcf01d", "e03b7addca96b9eb24d6eabbdc3041e8f71fd47b316e0f3c0fa993fc7b99002c", "ff53a434890a16356bc45c0b90557efd89d0e5a820dbab37015d7ee630c6707a"]
pytz = ["1c557d7d0e871de1f5ccd5833f60fb2550652da6be2693c1e02300743d21500d", "b02c06db6cf09c12dd25137e563b31700d3b80fcc4ad23abb7a315f2789819be"]
typing-extensions = ["091ecc894d5e908ac75209f10d5b4f118fbdb2eb1ede6a63544054bb1edb41f2", "910f4656f54de5993ad9304959ce9bb903f90aadc7c67a0bef07e678014e892d", "cf8b63fedea4d89bab840ecbb93e75578af28f76f66c35889bd7065f5af88575"]
ujson = ["f66073e5506e91d204ab0c614a148d5aa938bdbf104751be66f8ad7a222f5f86"]
yarl = ["0c2ab325d33f1b824734b3ef51d4d54a54e0e7a23d13b86974507602334c2cce", "0ca2f395591bbd85ddd50a82eb1fde9c1066fafe888c5c7cc1d810cf03fd3cc6", "2098a4b4b9d75ee352807a95cdf5f10180db903bc5b7270715c6bbe2551f64ce", "25e66e5e2007c7a39541ca13b559cd8ebc2ad8fe00ea94a2aad28a9b1e44e5ae", "26d7c90cb04dee1665282a5d1a998defc1a9e012fdca0f33396f81508f49696d", "308b98b0c8cd1dfef1a0311dc5e38ae8f9b58349226aa0533f15a16717ad702f", "3ce3d4f7c6b69c4e4f0704b32eca8123b9c58ae91af740481aa57d7857b5e41b", "58cd9c469eced558cd81aa3f484b2924e8897049e06889e8ff2510435b7ef74b", "5b10eb0e7f044cf0b035112446b26a3a2946bca9d7d7edb5e54a2ad2f6652abb", "6faa19d3824c21bcbfdfce5171e193c8b4ddafdf0ac3f129ccf0cdfcb083e462", "944494be42fa630134bf907714d40207e646fd5a94423c90d5b514f7b0713fea", "a161de7e50224e8e3de6e184707476b5a989037dcb24292b391a3d66ff158e70", "a4844ebb2be14768f7994f2017f70aca39d658a96c786211be5ddbe1c68794c1", "c2b509ac3d4b988ae8769901c66345425e361d518aecbe4acbfc2567e416626a", "c9959d49a77b0e07559e579f38b2f3711c2b8716b8410b320bf9713013215a1b", "d8cdee92bc930d8b09d8bd2043cedd544d9c8bd7436a77678dd602467a993080", "e15199cdb423316e15f108f51249e44eb156ae5dba232cb73be555324a1d49c2"]
